
Microsoft Visual Studio Solution File, Format Version 12.00
# Visual Studio Version 17
VisualStudioVersion = 17.5.2.0
MinimumVisualStudioVersion = 10.0.40219.1
Project("{FAE04EC0-301F-11D3-BF4B-00C04F79EFBC}") = "Estudo Fixação 2 - Férias", "Estudo Fixação 2 - Férias.csproj", "{AF2737FB-2401-CF9A-461D-4389828887A7}"
EndProject
Global
	GlobalSection(SolutionConfigurationPlatforms) = preSolution
		Debug|Any CPU = Debug|Any CPU
		Release|Any CPU = Release|Any CPU
	EndGlobalSection
	GlobalSection(ProjectConfigurationPlatforms) = postSolution
		{AF2737FB-2401-CF9A-461D-4389828887A7}.Debug|Any CPU.ActiveCfg = Debug|Any CPU
		{AF2737FB-2401-CF9A-461D-4389828887A7}.Debug|Any CPU.Build.0 = Debug|Any CPU
		{AF2737FB-2401-CF9A-461D-4389828887A7}.Release|Any CPU.ActiveCfg = Release|Any CPU
		{AF2737FB-2401-CF9A-461D-4389828887A7}.Release|Any CPU.Build.0 = Release|Any CPU
	EndGlobalSection
	GlobalSection(SolutionProperties) = preSolution
		HideSolutionNode = FALSE
	EndGlobalSection
	GlobalSection(ExtensibilityGlobals) = postSolution
		SolutionGuid = {96495AE8-8608-489A-9CE5-C0F50D259871}
	EndGlobalSection
EndGlobal
