
Microsoft Visual Studio Solution File, Format Version 12.00
# Visual Studio Version 17
VisualStudioVersion = 17.5.2.0
MinimumVisualStudioVersion = 10.0.40219.1
Project("{FAE04EC0-301F-11D3-BF4B-00C04F79EFBC}") = "Revisão - ATP", "Revisão - ATP\Revisão - ATP.csproj", "{90CD5402-BA38-B899-700D-595169173DF5}"
EndProject
Global
	GlobalSection(SolutionConfigurationPlatforms) = preSolution
		Debug|Any CPU = Debug|Any CPU
		Release|Any CPU = Release|Any CPU
	EndGlobalSection
	GlobalSection(ProjectConfigurationPlatforms) = postSolution
		{90CD5402-BA38-B899-700D-595169173DF5}.Debug|Any CPU.ActiveCfg = Debug|Any CPU
		{90CD5402-BA38-B899-700D-595169173DF5}.Debug|Any CPU.Build.0 = Debug|Any CPU
		{90CD5402-BA38-B899-700D-595169173DF5}.Release|Any CPU.ActiveCfg = Release|Any CPU
		{90CD5402-BA38-B899-700D-595169173DF5}.Release|Any CPU.Build.0 = Release|Any CPU
	EndGlobalSection
	GlobalSection(SolutionProperties) = preSolution
		HideSolutionNode = FALSE
	EndGlobalSection
	GlobalSection(ExtensibilityGlobals) = postSolution
		SolutionGuid = {6C73C398-E536-4B34-AC15-F5C2F414D06A}
	EndGlobalSection
EndGlobal
