
Microsoft Visual Studio Solution File, Format Version 12.00
# Visual Studio Version 17
VisualStudioVersion = 17.5.2.0
MinimumVisualStudioVersion = 10.0.40219.1
Project("{FAE04EC0-301F-11D3-BF4B-00C04F79EFBC}") = "Revisão 2 - ATP", "Revisão 2 - ATP.csproj", "{A947B5F1-2E72-82A3-8728-C757FE802C5E}"
EndProject
Global
	GlobalSection(SolutionConfigurationPlatforms) = preSolution
		Debug|Any CPU = Debug|Any CPU
		Release|Any CPU = Release|Any CPU
	EndGlobalSection
	GlobalSection(ProjectConfigurationPlatforms) = postSolution
		{A947B5F1-2E72-82A3-8728-C757FE802C5E}.Debug|Any CPU.ActiveCfg = Debug|Any CPU
		{A947B5F1-2E72-82A3-8728-C757FE802C5E}.Debug|Any CPU.Build.0 = Debug|Any CPU
		{A947B5F1-2E72-82A3-8728-C757FE802C5E}.Release|Any CPU.ActiveCfg = Release|Any CPU
		{A947B5F1-2E72-82A3-8728-C757FE802C5E}.Release|Any CPU.Build.0 = Release|Any CPU
	EndGlobalSection
	GlobalSection(SolutionProperties) = preSolution
		HideSolutionNode = FALSE
	EndGlobalSection
	GlobalSection(ExtensibilityGlobals) = postSolution
		SolutionGuid = {DF8D98B2-0189-4B6D-BC09-2B710D6D472E}
	EndGlobalSection
EndGlobal
